
Microsoft Visual Studio Solution File, Format Version 12.00
# Visual Studio Version 17
VisualStudioVersion = 17.0.31912.275
MinimumVisualStudioVersion = 10.0.40219.1
Project("{FAE04EC0-301F-11D3-BF4B-00C04F79EFBC}") = "ClassLibrary1", "ClassLibrary1\ClassLibrary1.csproj", "{58FF4FBF-8817-4035-B88A-6DE12AC30361}"
EndProject
Global
	GlobalSection(SolutionConfigurationPlatforms) = preSolution
		Debug|Any CPU = Debug|Any CPU
		Release|Any CPU = Release|Any CPU
	EndGlobalSection
	GlobalSection(ProjectConfigurationPlatforms) = postSolution
		{58FF4FBF-8817-4035-B88A-6DE12AC30361}.Debug|Any CPU.ActiveCfg = Debug|Any CPU
		{58FF4FBF-8817-4035-B88A-6DE12AC30361}.Debug|Any CPU.Build.0 = Debug|Any CPU
		{58FF4FBF-8817-4035-B88A-6DE12AC30361}.Release|Any CPU.ActiveCfg = Release|Any CPU
		{58FF4FBF-8817-4035-B88A-6DE12AC30361}.Release|Any CPU.Build.0 = Release|Any CPU
	EndGlobalSection
	GlobalSection(SolutionProperties) = preSolution
		HideSolutionNode = FALSE
	EndGlobalSection
	GlobalSection(ExtensibilityGlobals) = postSolution
		SolutionGuid = {F8DC7924-9996-4A9C-8D7F-79B16EA9A091}
	EndGlobalSection
EndGlobal
